
Microsoft Visual Studio Solution File, Format Version 12.00
# Visual Studio Version 16
VisualStudioVersion = 16.0.32630.194
MinimumVisualStudioVersion = 10.0.40219.1
Project("{FAE04EC0-301F-11D3-BF4B-00C04F79EFBC}") = "FormularioExcel", "FormularioExcel.csproj", "{8DE58C34-9325-474D-8D6A-6105B53B5FA0}"
EndProject
Global
	GlobalSection(SolutionConfigurationPlatforms) = preSolution
		Debug|Any CPU = Debug|Any CPU
		Release|Any CPU = Release|Any CPU
	EndGlobalSection
	GlobalSection(ProjectConfigurationPlatforms) = postSolution
		{8DE58C34-9325-474D-8D6A-6105B53B5FA0}.Debug|Any CPU.ActiveCfg = Debug|Any CPU
		{8DE58C34-9325-474D-8D6A-6105B53B5FA0}.Debug|Any CPU.Build.0 = Debug|Any CPU
		{8DE58C34-9325-474D-8D6A-6105B53B5FA0}.Release|Any CPU.ActiveCfg = Release|Any CPU
		{8DE58C34-9325-474D-8D6A-6105B53B5FA0}.Release|Any CPU.Build.0 = Release|Any CPU
	EndGlobalSection
	GlobalSection(SolutionProperties) = preSolution
		HideSolutionNode = FALSE
	EndGlobalSection
	GlobalSection(ExtensibilityGlobals) = postSolution
		SolutionGuid = {5D00063E-3AF9-4626-A168-4687BD687B40}
	EndGlobalSection
EndGlobal
